speakeasyVersion: 1.630.0
sources:
    Dokploy API:
        sourceNamespace: dokploy-api
        sourceRevisionDigest: sha256:3925efa657344f778e159b95440e6efe2245837d9c2f1514e586b5931bfcd928
        sourceBlobDigest: sha256:ff94f55a1db0427eb5852f01d75968a1c62a912ea9ce0f38331c2f78f87430ec
        tags:
            - latest
            - speakeasy-sdk-regen-1758854390
            - 1.0.0
targets:
    dokploy:
        source: Dokploy API
        sourceNamespace: dokploy-api
        sourceRevisionDigest: sha256:3925efa657344f778e159b95440e6efe2245837d9c2f1514e586b5931bfcd928
        sourceBlobDigest: sha256:ff94f55a1db0427eb5852f01d75968a1c62a912ea9ce0f38331c2f78f87430ec
        codeSamplesNamespace: dokploy-api-typescript-code-samples
        codeSamplesRevisionDigest: sha256:26557afef8f6719f464bdb705f12accf2403578f111223e39eb727ec960211ba
workflow:
    workflowVersion: 1.0.0
    speakeasyVersion: latest
    sources:
        Dokploy API:
            inputs:
                - location: https://raw.githubusercontent.com/Dokploy/website/refs/heads/main/apps/docs/api.json
            overlays:
                - location: .speakeasy/speakeasy-modifications-overlay.yaml
            output: .speakeasy/out.openapi.yaml
            registry:
                location: registry.speakeasyapi.dev/lukehagar/lukehagar/dokploy-api
    targets:
        dokploy:
            target: typescript
            source: Dokploy API
            codeSamples:
                registry:
                    location: registry.speakeasyapi.dev/lukehagar/lukehagar/dokploy-api-typescript-code-samples
                labelOverride:
                    fixedValue: Typescript (SDK)
                blocking: false
